
Microsoft Visual Studio Solution File, Format Version 12.00
# Visual Studio Version 16
VisualStudioVersion = 16.0.30320.27
MinimumVisualStudioVersion = 10.0.40219.1
Project("{FAE04EC0-301F-11D3-BF4B-00C04F79EFBC}") = "WebGentle.BookStore", "WebGentle.BookStore\WebGentle.BookStore.csproj", "{18F938BF-F2D1-44FB-A3D7-03FC050C2E33}"
EndProject
Global
	GlobalSection(SolutionConfigurationPlatforms) = preSolution
		Debug|Any CPU = Debug|Any CPU
		Release|Any CPU = Release|Any CPU
	EndGlobalSection
	GlobalSection(ProjectConfigurationPlatforms) = postSolution
		{18F938BF-F2D1-44FB-A3D7-03FC050C2E33}.Debug|Any CPU.ActiveCfg = Debug|Any CPU
		{18F938BF-F2D1-44FB-A3D7-03FC050C2E33}.Debug|Any CPU.Build.0 = Debug|Any CPU
		{18F938BF-F2D1-44FB-A3D7-03FC050C2E33}.Release|Any CPU.ActiveCfg = Release|Any CPU
		{18F938BF-F2D1-44FB-A3D7-03FC050C2E33}.Release|Any CPU.Build.0 = Release|Any CPU
	EndGlobalSection
	GlobalSection(SolutionProperties) = preSolution
		HideSolutionNode = FALSE
	EndGlobalSection
	GlobalSection(ExtensibilityGlobals) = postSolution
		SolutionGuid = {59202DF2-60A5-408D-8A4A-32ACC16A9C55}
	EndGlobalSection
EndGlobal
